
Microsoft Visual Studio Solution File, Format Version 12.00
# Visual Studio Version 17
VisualStudioVersion = 17.13.35818.85 d17.13
MinimumVisualStudioVersion = 10.0.40219.1
Project("{FAE04EC0-301F-11D3-BF4B-00C04F79EFBC}") = "tpmodul10", "tpmodul10\tpmodul10.csproj", "{11C6F96F-F0BC-4686-ACC9-671093F66FC8}"
EndProject
Global
	GlobalSection(SolutionConfigurationPlatforms) = preSolution
		Debug|Any CPU = Debug|Any CPU
		Release|Any CPU = Release|Any CPU
	EndGlobalSection
	GlobalSection(ProjectConfigurationPlatforms) = postSolution
		{11C6F96F-F0BC-4686-ACC9-671093F66FC8}.Debug|Any CPU.ActiveCfg = Debug|Any CPU
		{11C6F96F-F0BC-4686-ACC9-671093F66FC8}.Debug|Any CPU.Build.0 = Debug|Any CPU
		{11C6F96F-F0BC-4686-ACC9-671093F66FC8}.Release|Any CPU.ActiveCfg = Release|Any CPU
		{11C6F96F-F0BC-4686-ACC9-671093F66FC8}.Release|Any CPU.Build.0 = Release|Any CPU
	EndGlobalSection
	GlobalSection(SolutionProperties) = preSolution
		HideSolutionNode = FALSE
	EndGlobalSection
	GlobalSection(ExtensibilityGlobals) = postSolution
		SolutionGuid = {F1EAC195-0306-4A1C-8B78-149F917019E5}
	EndGlobalSection
EndGlobal
